// !$*UTF8*$!
{
	archiveVersion = 1;
	classes = {
	};
	objectVersion = 50;
	objects = {

/* Begin PBXBuildFile section */
		F0CF4DC2269D78A000241301 /* stopeWatch WatchKit App.app in Embed Watch Content */ = {isa = PBXBuildFile; fileRef = F0CF4DC1269D78A000241301 /* stopeWatch WatchKit App.app */; settings = {ATTRIBUTES = (RemoveHeadersOnCopy, ); }; };
		F0CF4DC8269D78A000241301 /* Interface.storyboard in Resources */ = {isa = PBXBuildFile; fileRef = F0CF4DC6269D78A000241301 /* Interface.storyboard */; };
		F0CF4DCA269D78A200241301 /* Assets.xcassets in Resources */ = {isa = PBXBuildFile; fileRef = F0CF4DC9269D78A200241301 /* Assets.xcassets */; };
		F0CF4DD1269D78A200241301 /* stopeWatch WatchKit Extension.appex in Embed App Extensions */ = {isa = PBXBuildFile; fileRef = F0CF4DD0269D78A200241301 /* stopeWatch WatchKit Extension.appex */; settings = {ATTRIBUTES = (RemoveHeadersOnCopy, ); }; };
		F0CF4DD6269D78A200241301 /* InterfaceController.swift in Sources */ = {isa = PBXBuildFile; fileRef = F0CF4DD5269D78A200241301 /* InterfaceController.swift */; };
		F0CF4DD8269D78A200241301 /* ExtensionDelegate.swift in Sources */ = {isa = PBXBuildFile; fileRef = F0CF4DD7269D78A200241301 /* ExtensionDelegate.swift */; };
		F0CF4DDA269D78A300241301 /* NotificationController.swift in Sources */ = {isa = PBXBuildFile; fileRef = F0CF4DD9269D78A300241301 /* NotificationController.swift */; };
		F0CF4DDC269D78A300241301 /* ComplicationController.swift in Sources */ = {isa = PBXBuildFile; fileRef = F0CF4DDB269D78A300241301 /* ComplicationController.swift */; };
		F0CF4DDE269D78A300241301 /* Assets.xcassets in Resources */ = {isa = PBXBuildFile; fileRef = F0CF4DDD269D78A300241301 /* Assets.xcassets */; };
/* End PBXBuildFile section */

/* Begin PBXContainerItemProxy section */
		F0CF4DC3269D78A000241301 /* PBXContainerItemProxy */ = {
			isa = PBXContainerItemProxy;
			containerPortal = F0CF4DB7269D78A000241301 /* Project object */;
			proxyType = 1;
			remoteGlobalIDString = F0CF4DC0269D78A000241301;
			remoteInfo = "stopeWatch WatchKit App";
		};
		F0CF4DD2269D78A200241301 /* PBXContainerItemProxy */ = {
			isa = PBXContainerItemProxy;
			containerPortal = F0CF4DB7269D78A000241301 /* Project object */;
			proxyType = 1;
			remoteGlobalIDString = F0CF4DCF269D78A200241301;
			remoteInfo = "stopeWatch WatchKit Extension";
		};
/* End PBXContainerItemProxy section */

/* Begin PBXCopyFilesBuildPhase section */
		F0CF4DE6269D78A300241301 /* Embed App Extensions */ = {
			isa = PBXCopyFilesBuildPhase;
			buildActionMask = 2147483647;
			dstPath = "";
			dstSubfolderSpec = 13;
			files = (
				F0CF4DD1269D78A200241301 /* stopeWatch WatchKit Extension.appex in Embed App Extensions */,
			);
			name = "Embed App Extensions";
			runOnlyForDeploymentPostprocessing = 0;
		};
		F0CF4DEA269D78A300241301 /* Embed Watch Content */ = {
			isa = PBXCopyFilesBuildPhase;
			buildActionMask = 2147483647;
			dstPath = "$(CONTENTS_FOLDER_PATH)/Watch";
			dstSubfolderSpec = 16;
			files = (
				F0CF4DC2269D78A000241301 /* stopeWatch WatchKit App.app in Embed Watch Content */,
			);
			name = "Embed Watch Content";
			runOnlyForDeploymentPostprocessing = 0;
		};
/* End PBXCopyFilesBuildPhase section */

/* Begin PBXFileReference section */
		F0CF4DBD269D78A000241301 /* stopeWatch.app */ = {isa = PBXFileReference; explicitFileType = wrapper.application; includeInIndex = 0; path = stopeWatch.app; sourceTree = BUILT_PRODUCTS_DIR; };
		F0CF4DC1269D78A000241301 /* stopeWatch WatchKit App.app */ = {isa = PBXFileReference; explicitFileType = wrapper.application; includeInIndex = 0; path = "stopeWatch WatchKit App.app"; sourceTree = BUILT_PRODUCTS_DIR; };
		F0CF4DC7269D78A000241301 /* Base */ = {isa = PBXFileReference; lastKnownFileType = file.storyboard; name = Base; path = Base.lproj/Interface.storyboard; sourceTree = "<group>"; };
		F0CF4DC9269D78A200241301 /* Assets.xcassets */ = {isa = PBXFileReference; lastKnownFileType = folder.assetcatalog; path = Assets.xcassets; sourceTree = "<group>"; };
		F0CF4DCB269D78A200241301 /* Info.plist */ = {isa = PBXFileReference; lastKnownFileType = text.plist.xml; path = Info.plist; sourceTree = "<group>"; };
		F0CF4DD0269D78A200241301 /* stopeWatch WatchKit Extension.appex */ = {isa = PBXFileReference; explicitFileType = "wrapper.app-extension"; includeInIndex = 0; path = "stopeWatch WatchKit Extension.appex"; sourceTree = BUILT_PRODUCTS_DIR; };
		F0CF4DD5269D78A200241301 /* InterfaceController.swift */ = {isa = PBXFileReference; lastKnownFileType = sourcecode.swift; path = InterfaceController.swift; sourceTree = "<group>"; };
		F0CF4DD7269D78A200241301 /* ExtensionDelegate.swift */ = {isa = PBXFileReference; lastKnownFileType = sourcecode.swift; path = ExtensionDelegate.swift; sourceTree = "<group>"; };
		F0CF4DD9269D78A300241301 /* NotificationController.swift */ = {isa = PBXFileReference; lastKnownFileType = sourcecode.swift; path = NotificationController.swift; sourceTree = "<group>"; };
		F0CF4DDB269D78A300241301 /* ComplicationController.swift */ = {isa = PBXFileReference; lastKnownFileType = sourcecode.swift; path = ComplicationController.swift; sourceTree = "<group>"; };
		F0CF4DDD269D78A300241301 /* Assets.xcassets */ = {isa = PBXFileReference; lastKnownFileType = folder.assetcatalog; path = Assets.xcassets; sourceTree = "<group>"; };
		F0CF4DDF269D78A300241301 /* Info.plist */ = {isa = PBXFileReference; lastKnownFileType = text.plist.xml; path = Info.plist; sourceTree = "<group>"; };
		F0CF4DE0269D78A300241301 /* PushNotificationPayload.apns */ = {isa = PBXFileReference; lastKnownFileType = text; path = PushNotificationPayload.apns; sourceTree = "<group>"; };
/* End PBXFileReference section */

/* Begin PBXFrameworksBuildPhase section */
		F0CF4DCD269D78A200241301 /* Frameworks */ = {
			isa = PBXFrameworksBuildPhase;
			buildActionMask = 2147483647;
			files = (
			);
			runOnlyForDeploymentPostprocessing = 0;
		};
/* End PBXFrameworksBuildPhase section */

/* Begin PBXGroup section */
		F0CF4DB6269D78A000241301 = {
			isa = PBXGroup;
			children = (
				F0CF4DC5269D78A000241301 /* stopeWatch WatchKit App */,
				F0CF4DD4269D78A200241301 /* stopeWatch WatchKit Extension */,
				F0CF4DBE269D78A000241301 /* Products */,
			);
			sourceTree = "<group>";
		};
		F0CF4DBE269D78A000241301 /* Products */ = {
			isa = PBXGroup;
			children = (
				F0CF4DBD269D78A000241301 /* stopeWatch.app */,
				F0CF4DC1269D78A000241301 /* stopeWatch WatchKit App.app */,
				F0CF4DD0269D78A200241301 /* stopeWatch WatchKit Extension.appex */,
			);
			name = Products;
			sourceTree = "<group>";
		};
		F0CF4DC5269D78A000241301 /* stopeWatch WatchKit App */ = {
			isa = PBXGroup;
			children = (
				F0CF4DC6269D78A000241301 /* Interface.storyboard */,
				F0CF4DC9269D78A200241301 /* Assets.xcassets */,
				F0CF4DCB269D78A200241301 /* Info.plist */,
			);
			path = "stopeWatch WatchKit App";
			sourceTree = "<group>";
		};
		F0CF4DD4269D78A200241301 /* stopeWatch WatchKit Extension */ = {
			isa = PBXGroup;
			children = (
				F0CF4DD5269D78A200241301 /* InterfaceController.swift */,
				F0CF4DD7269D78A200241301 /* ExtensionDelegate.swift */,
				F0CF4DD9269D78A300241301 /* NotificationController.swift */,
				F0CF4DDB269D78A300241301 /* ComplicationController.swift */,
				F0CF4DDD269D78A300241301 /* Assets.xcassets */,
				F0CF4DDF269D78A300241301 /* Info.plist */,
				F0CF4DE0269D78A300241301 /* PushNotificationPayload.apns */,
			);
			path = "stopeWatch WatchKit Extension";
			sourceTree = "<group>";
		};
/* End PBXGroup section */

/* Begin PBXNativeTarget section */
		F0CF4DBC269D78A000241301 /* stopeWatch */ = {
			isa = PBXNativeTarget;
			buildConfigurationList = F0CF4DEB269D78A300241301 /* Build configuration list for PBXNativeTarget "stopeWatch" */;
			buildPhases = (
				F0CF4DBB269D78A000241301 /* Resources */,
				F0CF4DEA269D78A300241301 /* Embed Watch Content */,
			);
			buildRules = (
			);
			dependencies = (
				F0CF4DC4269D78A000241301 /* PBXTargetDependency */,
			);
			name = stopeWatch;
			productName = stopeWatch;
			productReference = F0CF4DBD269D78A000241301 /* stopeWatch.app */;
			productType = "com.apple.product-type.application.watchapp2-container";
		};
		F0CF4DC0269D78A000241301 /* stopeWatch WatchKit App */ = {
			isa = PBXNativeTarget;
			buildConfigurationList = F0CF4DE7269D78A300241301 /* Build configuration list for PBXNativeTarget "stopeWatch WatchKit App" */;
			buildPhases = (
				F0CF4DBF269D78A000241301 /* Resources */,
				F0CF4DE6269D78A300241301 /* Embed App Extensions */,
			);
			buildRules = (
			);
			dependencies = (
				F0CF4DD3269D78A200241301 /* PBXTargetDependency */,
			);
			name = "stopeWatch WatchKit App";
			productName = "stopeWatch WatchKit App";
			productReference = F0CF4DC1269D78A000241301 /* stopeWatch WatchKit App.app */;
			productType = "com.apple.product-type.application.watchapp2";
		};
		F0CF4DCF269D78A200241301 /* stopeWatch WatchKit Extension */ = {
			isa = PBXNativeTarget;
			buildConfigurationList = F0CF4DE3269D78A300241301 /* Build configuration list for PBXNativeTarget "stopeWatch WatchKit Extension" */;
			buildPhases = (
				F0CF4DCC269D78A200241301 /* Sources */,
				F0CF4DCD269D78A200241301 /* Frameworks */,
				F0CF4DCE269D78A200241301 /* Resources */,
			);
			buildRules = (
			);
			dependencies = (
			);
			name = "stopeWatch WatchKit Extension";
			productName = "stopeWatch WatchKit Extension";
			productReference = F0CF4DD0269D78A200241301 /* stopeWatch WatchKit Extension.appex */;
			productType = "com.apple.product-type.watchkit2-extension";
		};
/* End PBXNativeTarget section */

/* Begin PBXProject section */
		F0CF4DB7269D78A000241301 /* Project object */ = {
			isa = PBXProject;
			attributes = {
				LastSwiftUpdateCheck = 1200;
				LastUpgradeCheck = 1200;
				TargetAttributes = {
					F0CF4DBC269D78A000241301 = {
						CreatedOnToolsVersion = 12.0.1;
					};
					F0CF4DC0269D78A000241301 = {
						CreatedOnToolsVersion = 12.0.1;
					};
					F0CF4DCF269D78A200241301 = {
						CreatedOnToolsVersion = 12.0.1;
					};
				};
			};
			buildConfigurationList = F0CF4DBA269D78A000241301 /* Build configuration list for PBXProject "stopeWatch" */;
			compatibilityVersion = "Xcode 9.3";
			developmentRegion = en;
			hasScannedForEncodings = 0;
			knownRegions = (
				en,
				Base,
			);
			mainGroup = F0CF4DB6269D78A000241301;
			productRefGroup = F0CF4DBE269D78A000241301 /* Products */;
			projectDirPath = "";
			projectRoot = "";
			targets = (
				F0CF4DBC269D78A000241301 /* stopeWatch */,
				F0CF4DC0269D78A000241301 /* stopeWatch WatchKit App */,
				F0CF4DCF269D78A200241301 /* stopeWatch WatchKit Extension */,
			);
		};
/* End PBXProject section */

/* Begin PBXResourcesBuildPhase section */
		F0CF4DBB269D78A000241301 /* Resources */ = {
			isa = PBXResourcesBuildPhase;
			buildActionMask = 2147483647;
			files = (
			);
			runOnlyForDeploymentPostprocessing = 0;
		};
		F0CF4DBF269D78A000241301 /* Resources */ = {
			isa = PBXResourcesBuildPhase;
			buildActionMask = 2147483647;
			files = (
				F0CF4DCA269D78A200241301 /* Assets.xcassets in Resources */,
				F0CF4DC8269D78A000241301 /* Interface.storyboard in Resources */,
			);
			runOnlyForDeploymentPostprocessing = 0;
		};
		F0CF4DCE269D78A200241301 /* Resources */ = {
			isa = PBXResourcesBuildPhase;
			buildActionMask = 2147483647;
			files = (
				F0CF4DDE269D78A300241301 /* Assets.xcassets in Resources */,
			);
			runOnlyForDeploymentPostprocessing = 0;
		};
/* End PBXResourcesBuildPhase section */

/* Begin PBXSourcesBuildPhase section */
		F0CF4DCC269D78A200241301 /* Sources */ = {
			isa = PBXSourcesBuildPhase;
			buildActionMask = 2147483647;
			files = (
				F0CF4DDA269D78A300241301 /* NotificationController.swift in Sources */,
				F0CF4DDC269D78A300241301 /* ComplicationController.swift in Sources */,
				F0CF4DD8269D78A200241301 /* ExtensionDelegate.swift in Sources */,
				F0CF4DD6269D78A200241301 /* InterfaceController.swift in Sources */,
			);
			runOnlyForDeploymentPostprocessing = 0;
		};
/* End PBXSourcesBuildPhase section */

/* Begin PBXTargetDependency section */
		F0CF4DC4269D78A000241301 /* PBXTargetDependency */ = {
			isa = PBXTargetDependency;
			target = F0CF4DC0269D78A000241301 /* stopeWatch WatchKit App */;
			targetProxy = F0CF4DC3269D78A000241301 /* PBXContainerItemProxy */;
		};
		F0CF4DD3269D78A200241301 /* PBXTargetDependency */ = {
			isa = PBXTargetDependency;
			target = F0CF4DCF269D78A200241301 /* stopeWatch WatchKit Extension */;
			targetProxy = F0CF4DD2269D78A200241301 /* PBXContainerItemProxy */;
		};
/* End PBXTargetDependency section */

/* Begin PBXVariantGroup section */
		F0CF4DC6269D78A000241301 /* Interface.storyboard */ = {
			isa = PBXVariantGroup;
			children = (
				F0CF4DC7269D78A000241301 /* Base */,
			);
			name = Interface.storyboard;
			sourceTree = "<group>";
		};
/* End PBXVariantGroup section */

/* Begin XCBuildConfiguration section */
		F0CF4DE1269D78A300241301 /* Debug */ = {
			isa = XCBuildConfiguration;
			buildSettings = {
				ALWAYS_SEARCH_USER_PATHS = NO;
				CLANG_ANALYZER_NONNULL = YES;
				CLANG_ANALYZER_NUMBER_OBJECT_CONVERSION = YES_AGGRESSIVE;
				CLANG_CXX_LANGUAGE_STANDARD = "gnu++14";
				CLANG_CXX_LIBRARY = "libc++";
				CLANG_ENABLE_MODULES = YES;
				CLANG_ENABLE_OBJC_ARC = YES;
				CLANG_ENABLE_OBJC_WEAK = YES;
				CLANG_WARN_BLOCK_CAPTURE_AUTORELEASING = YES;
				CLANG_WARN_BOOL_CONVERSION = YES;
				CLANG_WARN_COMMA = YES;
				CLANG_WARN_CONSTANT_CONVERSION = YES;
				CLANG_WARN_DEPRECATED_OBJC_IMPLEMENTATIONS = YES;
				CLANG_WARN_DIRECT_OBJC_ISA_USAGE = YES_ERROR;
				CLANG_WARN_DOCUMENTATION_COMMENTS = YES;
				CLANG_WARN_EMPTY_BODY = YES;
				CLANG_WARN_ENUM_CONVERSION = YES;
				CLANG_WARN_INFINITE_RECURSION = YES;
				CLANG_WARN_INT_CONVERSION = YES;
				CLANG_WARN_NON_LITERAL_NULL_CONVERSION = YES;
				CLANG_WARN_OBJC_IMPLICIT_RETAIN_SELF = YES;
				CLANG_WARN_OBJC_LITERAL_CONVERSION = YES;
				CLANG_WARN_OBJC_ROOT_CLASS = YES_ERROR;
				CLANG_WARN_QUOTED_INCLUDE_IN_FRAMEWORK_HEADER = YES;
				CLANG_WARN_RANGE_LOOP_ANALYSIS = YES;
				CLANG_WARN_STRICT_PROTOTYPES = YES;
				CLANG_WARN_SUSPICIOUS_MOVE = YES;
				CLANG_WARN_UNGUARDED_AVAILABILITY = YES_AGGRESSIVE;
				CLANG_WARN_UNREACHABLE_CODE = YES;
				CLANG_WARN__DUPLICATE_METHOD_MATCH = YES;
				COPY_PHASE_STRIP = NO;
				DEBUG_INFORMATION_FORMAT = dwarf;
				ENABLE_STRICT_OBJC_MSGSEND = YES;
				ENABLE_TESTABILITY = YES;
				GCC_C_LANGUAGE_STANDARD = gnu11;
				GCC_DYNAMIC_NO_PIC = NO;
				GCC_NO_COMMON_BLOCKS = YES;
				GCC_OPTIMIZATION_LEVEL = 0;
				GCC_PREPROCESSOR_DEFINITIONS = (
					"DEBUG=1",
					"$(inherited)",
				);
				GCC_WARN_64_TO_32_BIT_CONVERSION = YES;
				GCC_WARN_ABOUT_RETURN_TYPE = YES_ERROR;
				GCC_WARN_UNDECLARED_SELECTOR = YES;
				GCC_WARN_UNINITIALIZED_AUTOS = YES_AGGRESSIVE;
				GCC_WARN_UNUSED_FUNCTION = YES;
				GCC_WARN_UNUSED_VARIABLE = YES;
				MTL_ENABLE_DEBUG_INFO = INCLUDE_SOURCE;
				MTL_FAST_MATH = YES;
				ONLY_ACTIVE_ARCH = YES;
				SDKROOT = iphoneos;
				SWIFT_ACTIVE_COMPILATION_CONDITIONS = DEBUG;
				SWIFT_OPTIMIZATION_LEVEL = "-Onone";
			};
			name = Debug;
		};
		F0CF4DE2269D78A300241301 /* Release */ = {
			isa = XCBuildConfiguration;
			buildSettings = {
				ALWAYS_SEARCH_USER_PATHS = NO;
				CLANG_ANALYZER_NONNULL = YES;
				CLANG_ANALYZER_NUMBER_OBJECT_CONVERSION = YES_AGGRESSIVE;
				CLANG_CXX_LANGUAGE_STANDARD = "gnu++14";
				CLANG_CXX_LIBRARY = "libc++";
				CLANG_ENABLE_MODULES = YES;
				CLANG_ENABLE_OBJC_ARC = YES;
				CLANG_ENABLE_OBJC_WEAK = YES;
				CLANG_WARN_BLOCK_CAPTURE_AUTORELEASING = YES;
				CLANG_WARN_BOOL_CONVERSION = YES;
				CLANG_WARN_COMMA = YES;
				CLANG_WARN_CONSTANT_CONVERSION = YES;
				CLANG_WARN_DEPRECATED_OBJC_IMPLEMENTATIONS = YES;
				CLANG_WARN_DIRECT_OBJC_ISA_USAGE = YES_ERROR;
				CLANG_WARN_DOCUMENTATION_COMMENTS = YES;
				CLANG_WARN_EMPTY_BODY = YES;
				CLANG_WARN_ENUM_CONVERSION = YES;
				CLANG_WARN_INFINITE_RECURSION = YES;
				CLANG_WARN_INT_CONVERSION = YES;
				CLANG_WARN_NON_LITERAL_NULL_CONVERSION = YES;
				CLANG_WARN_OBJC_IMPLICIT_RETAIN_SELF = YES;
				CLANG_WARN_OBJC_LITERAL_CONVERSION = YES;
				CLANG_WARN_OBJC_ROOT_CLASS = YES_ERROR;
				CLANG_WARN_QUOTED_INCLUDE_IN_FRAMEWORK_HEADER = YES;
				CLANG_WARN_RANGE_LOOP_ANALYSIS = YES;
				CLANG_WARN_STRICT_PROTOTYPES = YES;
				CLANG_WARN_SUSPICIOUS_MOVE = YES;
				CLANG_WARN_UNGUARDED_AVAILABILITY = YES_AGGRESSIVE;
				CLANG_WARN_UNREACHABLE_CODE = YES;
				CLANG_WARN__DUPLICATE_METHOD_MATCH = YES;
				COPY_PHASE_STRIP = NO;
				DEBUG_INFORMATION_FORMAT = "dwarf-with-dsym";
				ENABLE_NS_ASSERTIONS = NO;
				ENABLE_STRICT_OBJC_MSGSEND = YES;
				GCC_C_LANGUAGE_STANDARD = gnu11;
				GCC_NO_COMMON_BLOCKS = YES;
				GCC_WARN_64_TO_32_BIT_CONVERSION = YES;
				GCC_WARN_ABOUT_RETURN_TYPE = YES_ERROR;
				GCC_WARN_UNDECLARED_SELECTOR = YES;
				GCC_WARN_UNINITIALIZED_AUTOS = YES_AGGRESSIVE;
				GCC_WARN_UNUSED_FUNCTION = YES;
				GCC_WARN_UNUSED_VARIABLE = YES;
				MTL_ENABLE_DEBUG_INFO = NO;
				MTL_FAST_MATH = YES;
				SDKROOT = iphoneos;
				SWIFT_COMPILATION_MODE = wholemodule;
				SWIFT_OPTIMIZATION_LEVEL = "-O";
				VALIDATE_PRODUCT = YES;
			};
			name = Release;
		};
		F0CF4DE4269D78A300241301 /* Debug */ = {
			isa = XCBuildConfiguration;
			buildSettings = {
				ASSETCATALOG_COMPILER_COMPLICATION_NAME = Complication;
				CODE_SIGN_STYLE = Automatic;
				INFOPLIST_FILE = "stopeWatch WatchKit Extension/Info.plist";
				LD_RUNPATH_SEARCH_PATHS = (
					"$(inherited)",
					"@executable_path/Frameworks",
					"@executable_path/../../Frameworks",
				);
				PRODUCT_BUNDLE_IDENTIFIER = com.praveenKumar.stopeWatch.watchkitapp.watchkitextension;
				PRODUCT_NAME = "${TARGET_NAME}";
				SDKROOT = watchos;
				SKIP_INSTALL = YES;
				SWIFT_VERSION = 5.0;
				TARGETED_DEVICE_FAMILY = 4;
				WATCHOS_DEPLOYMENT_TARGET = 7.0;
			};
			name = Debug;
		};
		F0CF4DE5269D78A300241301 /* Release */ = {
			isa = XCBuildConfiguration;
			buildSettings = {
				ASSETCATALOG_COMPILER_COMPLICATION_NAME = Complication;
				CODE_SIGN_STYLE = Automatic;
				INFOPLIST_FILE = "stopeWatch WatchKit Extension/Info.plist";
				LD_RUNPATH_SEARCH_PATHS = (
					"$(inherited)",
					"@executable_path/Frameworks",
					"@executable_path/../../Frameworks",
				);
				PRODUCT_BUNDLE_IDENTIFIER = com.praveenKumar.stopeWatch.watchkitapp.watchkitextension;
				PRODUCT_NAME = "${TARGET_NAME}";
				SDKROOT = watchos;
				SKIP_INSTALL = YES;
				SWIFT_VERSION = 5.0;
				TARGETED_DEVICE_FAMILY = 4;
				WATCHOS_DEPLOYMENT_TARGET = 7.0;
			};
			name = Release;
		};
		F0CF4DE8269D78A300241301 /* Debug */ = {
			isa = XCBuildConfiguration;
			buildSettings = {
				ALWAYS_EMBED_SWIFT_STANDARD_LIBRARIES = YES;
				ASSETCATALOG_COMPILER_APPICON_NAME = AppIcon;
				ASSETCATALOG_COMPILER_GLOBAL_ACCENT_COLOR_NAME = AccentColor;
				CODE_SIGN_STYLE = Automatic;
				IBSC_MODULE = stopeWatch_WatchKit_Extension;
				INFOPLIST_FILE = "stopeWatch WatchKit App/Info.plist";
				PRODUCT_BUNDLE_IDENTIFIER = com.praveenKumar.stopeWatch.watchkitapp;
				PRODUCT_NAME = "$(TARGET_NAME)";
				SDKROOT = watchos;
				SKIP_INSTALL = YES;
				SWIFT_VERSION = 5.0;
				TARGETED_DEVICE_FAMILY = 4;
				WATCHOS_DEPLOYMENT_TARGET = 7.0;
			};
			name = Debug;
		};
		F0CF4DE9269D78A300241301 /* Release */ = {
			isa = XCBuildConfiguration;
			buildSettings = {
				ALWAYS_EMBED_SWIFT_STANDARD_LIBRARIES = YES;
				ASSETCATALOG_COMPILER_APPICON_NAME = AppIcon;
				ASSETCATALOG_COMPILER_GLOBAL_ACCENT_COLOR_NAME = AccentColor;
				CODE_SIGN_STYLE = Automatic;
				IBSC_MODULE = stopeWatch_WatchKit_Extension;
				INFOPLIST_FILE = "stopeWatch WatchKit App/Info.plist";
				PRODUCT_BUNDLE_IDENTIFIER = com.praveenKumar.stopeWatch.watchkitapp;
				PRODUCT_NAME = "$(TARGET_NAME)";
				SDKROOT = watchos;
				SKIP_INSTALL = YES;
				SWIFT_VERSION = 5.0;
				TARGETED_DEVICE_FAMILY = 4;
				WATCHOS_DEPLOYMENT_TARGET = 7.0;
			};
			name = Release;
		};
		F0CF4DEC269D78A300241301 /* Debug */ = {
			isa = XCBuildConfiguration;
			buildSettings = {
				CODE_SIGN_STYLE = Automatic;
				CURRENT_PROJECT_VERSION = 1;
				MARKETING_VERSION = 1.0;
				PRODUCT_BUNDLE_IDENTIFIER = com.praveenKumar.stopeWatch;
				PRODUCT_NAME = "$(TARGET_NAME)";
				SWIFT_VERSION = 5.0;
			};
			name = Debug;
		};
		F0CF4DED269D78A300241301 /* Release */ = {
			isa = XCBuildConfiguration;
			buildSettings = {
				CODE_SIGN_STYLE = Automatic;
				CURRENT_PROJECT_VERSION = 1;
				MARKETING_VERSION = 1.0;
				PRODUCT_BUNDLE_IDENTIFIER = com.praveenKumar.stopeWatch;
				PRODUCT_NAME = "$(TARGET_NAME)";
				SWIFT_VERSION = 5.0;
			};
			name = Release;
		};
/* End XCBuildConfiguration section */

/* Begin XCConfigurationList section */
		F0CF4DBA269D78A000241301 /* Build configuration list for PBXProject "stopeWatch" */ = {
			isa = XCConfigurationList;
			buildConfigurations = (
				F0CF4DE1269D78A300241301 /* Debug */,
				F0CF4DE2269D78A300241301 /* Release */,
			);
			defaultConfigurationIsVisible = 0;
			defaultConfigurationName = Release;
		};
		F0CF4DE3269D78A300241301 /* Build configuration list for PBXNativeTarget "stopeWatch WatchKit Extension" */ = {
			isa = XCConfigurationList;
			buildConfigurations = (
				F0CF4DE4269D78A300241301 /* Debug */,
				F0CF4DE5269D78A300241301 /* Release */,
			);
			defaultConfigurationIsVisible = 0;
			defaultConfigurationName = Release;
		};
		F0CF4DE7269D78A300241301 /* Build configuration list for PBXNativeTarget "stopeWatch WatchKit App" */ = {
			isa = XCConfigurationList;
			buildConfigurations = (
				F0CF4DE8269D78A300241301 /* Debug */,
				F0CF4DE9269D78A300241301 /* Release */,
			);
			defaultConfigurationIsVisible = 0;
			defaultConfigurationName = Release;
		};
		F0CF4DEB269D78A300241301 /* Build configuration list for PBXNativeTarget "stopeWatch" */ = {
			isa = XCConfigurationList;
			buildConfigurations = (
				F0CF4DEC269D78A300241301 /* Debug */,
				F0CF4DED269D78A300241301 /* Release */,
			);
			defaultConfigurationIsVisible = 0;
			defaultConfigurationName = Release;
		};
/* End XCConfigurationList section */
	};
	rootObject = F0CF4DB7269D78A000241301 /* Project object */;
}
